
Microsoft Visual Studio Solution File, Format Version 12.00
# Visual Studio Version 17
VisualStudioVersion = 17.0.31903.59
MinimumVisualStudioVersion = 10.0.40219.1
Project("{2150E333-8FDC-42A3-9474-1A3956D46DE8}") = "src", "src", "{63C0970D-7B73-4144-9020-8F5913C4F943}"
EndProject
Project("{FAE04EC0-301F-11D3-BF4B-00C04F79EFBC}") = "AgentSwarm.Messaging.Abstractions", "src\AgentSwarm.Messaging.Abstractions\AgentSwarm.Messaging.Abstractions.csproj", "{D4ED5193-0AD2-4567-96C4-2808E2420933}"
EndProject
Project("{2150E333-8FDC-42A3-9474-1A3956D46DE8}") = "tests", "tests", "{73B7DD66-2EE7-46E8-8F29-F9A93CF89517}"
EndProject
Project("{FAE04EC0-301F-11D3-BF4B-00C04F79EFBC}") = "AgentSwarm.Messaging.Abstractions.Tests", "tests\AgentSwarm.Messaging.Abstractions.Tests\AgentSwarm.Messaging.Abstractions.Tests.csproj", "{06BFFF8F-933B-47A1-9556-46B515E26B80}"
EndProject
Project("{FAE04EC0-301F-11D3-BF4B-00C04F79EFBC}") = "AgentSwarm.Messaging.Teams", "src\AgentSwarm.Messaging.Teams\AgentSwarm.Messaging.Teams.csproj", "{DB0AE3E6-1217-40A5-B0CD-AD63ED69D93E}"
EndProject
Project("{FAE04EC0-301F-11D3-BF4B-00C04F79EFBC}") = "AgentSwarm.Messaging.Teams.Tests", "tests\AgentSwarm.Messaging.Teams.Tests\AgentSwarm.Messaging.Teams.Tests.csproj", "{F9C2D717-7B12-4FD3-A056-5EAEE6CBE017}"
EndProject
Global
	GlobalSection(SolutionConfigurationPlatforms) = preSolution
		Debug|Any CPU = Debug|Any CPU
		Release|Any CPU = Release|Any CPU
	EndGlobalSection
	GlobalSection(SolutionProperties) = preSolution
		HideSolutionNode = FALSE
	EndGlobalSection
	GlobalSection(ProjectConfigurationPlatforms) = postSolution
		{D4ED5193-0AD2-4567-96C4-2808E2420933}.Debug|Any CPU.ActiveCfg = Debug|Any CPU
		{D4ED5193-0AD2-4567-96C4-2808E2420933}.Debug|Any CPU.Build.0 = Debug|Any CPU
		{D4ED5193-0AD2-4567-96C4-2808E2420933}.Release|Any CPU.ActiveCfg = Release|Any CPU
		{D4ED5193-0AD2-4567-96C4-2808E2420933}.Release|Any CPU.Build.0 = Release|Any CPU
		{06BFFF8F-933B-47A1-9556-46B515E26B80}.Debug|Any CPU.ActiveCfg = Debug|Any CPU
		{06BFFF8F-933B-47A1-9556-46B515E26B80}.Debug|Any CPU.Build.0 = Debug|Any CPU
		{06BFFF8F-933B-47A1-9556-46B515E26B80}.Release|Any CPU.ActiveCfg = Release|Any CPU
		{06BFFF8F-933B-47A1-9556-46B515E26B80}.Release|Any CPU.Build.0 = Release|Any CPU
		{DB0AE3E6-1217-40A5-B0CD-AD63ED69D93E}.Debug|Any CPU.ActiveCfg = Debug|Any CPU
		{DB0AE3E6-1217-40A5-B0CD-AD63ED69D93E}.Debug|Any CPU.Build.0 = Debug|Any CPU
		{DB0AE3E6-1217-40A5-B0CD-AD63ED69D93E}.Release|Any CPU.ActiveCfg = Release|Any CPU
		{DB0AE3E6-1217-40A5-B0CD-AD63ED69D93E}.Release|Any CPU.Build.0 = Release|Any CPU
		{F9C2D717-7B12-4FD3-A056-5EAEE6CBE017}.Debug|Any CPU.ActiveCfg = Debug|Any CPU
		{F9C2D717-7B12-4FD3-A056-5EAEE6CBE017}.Debug|Any CPU.Build.0 = Debug|Any CPU
		{F9C2D717-7B12-4FD3-A056-5EAEE6CBE017}.Release|Any CPU.ActiveCfg = Release|Any CPU
		{F9C2D717-7B12-4FD3-A056-5EAEE6CBE017}.Release|Any CPU.Build.0 = Release|Any CPU
	EndGlobalSection
	GlobalSection(NestedProjects) = preSolution
		{D4ED5193-0AD2-4567-96C4-2808E2420933} = {63C0970D-7B73-4144-9020-8F5913C4F943}
		{06BFFF8F-933B-47A1-9556-46B515E26B80} = {73B7DD66-2EE7-46E8-8F29-F9A93CF89517}
		{DB0AE3E6-1217-40A5-B0CD-AD63ED69D93E} = {63C0970D-7B73-4144-9020-8F5913C4F943}
		{F9C2D717-7B12-4FD3-A056-5EAEE6CBE017} = {73B7DD66-2EE7-46E8-8F29-F9A93CF89517}
	EndGlobalSection
EndGlobal
